
Microsoft Visual Studio Solution File, Format Version 12.00
# Visual Studio Version 17
VisualStudioVersion = 17.9.34714.143
MinimumVisualStudioVersion = 10.0.40219.1
Project("{FAE04EC0-301F-11D3-BF4B-00C04F79EFBC}") = "GeniyIdiotConsoleApp", "GeniyIdiotConsoleApp\GeniyIdiotConsoleApp.csproj", "{DBA088C2-AD62-4C80-AEF1-C021134E00B5}"
EndProject
Global
	GlobalSection(SolutionConfigurationPlatforms) = preSolution
		Debug|Any CPU = Debug|Any CPU
		Release|Any CPU = Release|Any CPU
	EndGlobalSection
	GlobalSection(ProjectConfigurationPlatforms) = postSolution
		{DBA088C2-AD62-4C80-AEF1-C021134E00B5}.Debug|Any CPU.ActiveCfg = Debug|Any CPU
		{DBA088C2-AD62-4C80-AEF1-C021134E00B5}.Debug|Any CPU.Build.0 = Debug|Any CPU
		{DBA088C2-AD62-4C80-AEF1-C021134E00B5}.Release|Any CPU.ActiveCfg = Release|Any CPU
		{DBA088C2-AD62-4C80-AEF1-C021134E00B5}.Release|Any CPU.Build.0 = Release|Any CPU
	EndGlobalSection
	GlobalSection(SolutionProperties) = preSolution
		HideSolutionNode = FALSE
	EndGlobalSection
	GlobalSection(ExtensibilityGlobals) = postSolution
		SolutionGuid = {833AEAEE-B0DF-438B-9ED8-D3A6604B7BA4}
	EndGlobalSection
EndGlobal
